<Solution>
  <Project Path="Blazor/Blazor.csproj" />
  <Project Path="BlazorAcademyHW/BlazorAcademyHW.csproj" Id="2d248676-cdd5-44a4-828d-9048f319497c" />
  <Project Path="Movies/Movies.csproj" />
  <Project Path="Numerics/Numerics.csproj" Id="62cf7229-33eb-43aa-9702-cc0e66acae80" />
  <Project Path="TODOList/TODOList.csproj" Id="5834841d-c9af-42a5-bd71-2df5d85c855c" />
</Solution>
